
Microsoft Visual Studio Solution File, Format Version 12.00
# Visual Studio Version 16
VisualStudioVersion = 16.0.33927.289
MinimumVisualStudioVersion = 10.0.40219.1
Project("{FAE04EC0-301F-11D3-BF4B-00C04F79EFBC}") = "Tarea", "Tarea\Tarea.csproj", "{5D5BAA12-8C84-43CB-8FB2-5C18AC9C676A}"
EndProject
Global
	GlobalSection(SolutionConfigurationPlatforms) = preSolution
		Debug|Any CPU = Debug|Any CPU
		Release|Any CPU = Release|Any CPU
	EndGlobalSection
	GlobalSection(ProjectConfigurationPlatforms) = postSolution
		{5D5BAA12-8C84-43CB-8FB2-5C18AC9C676A}.Debug|Any CPU.ActiveCfg = Debug|Any CPU
		{5D5BAA12-8C84-43CB-8FB2-5C18AC9C676A}.Debug|Any CPU.Build.0 = Debug|Any CPU
		{5D5BAA12-8C84-43CB-8FB2-5C18AC9C676A}.Release|Any CPU.ActiveCfg = Release|Any CPU
		{5D5BAA12-8C84-43CB-8FB2-5C18AC9C676A}.Release|Any CPU.Build.0 = Release|Any CPU
	EndGlobalSection
	GlobalSection(SolutionProperties) = preSolution
		HideSolutionNode = FALSE
	EndGlobalSection
	GlobalSection(ExtensibilityGlobals) = postSolution
		SolutionGuid = {7F375249-99CA-4CC4-AA9B-56F1201D5BFF}
	EndGlobalSection
EndGlobal
