
Microsoft Visual Studio Solution File, Format Version 12.00
# Visual Studio Version 16
VisualStudioVersion = 16.0.32802.440
MinimumVisualStudioVersion = 10.0.40219.1
Project("{9A19103F-16F7-4668-BE54-9A1E7A4F7556}") = "Primera clase", "Primera clase\Primera clase.csproj", "{64B52F78-8BA9-4BB3-86DE-F196F5300A82}"
EndProject
Project("{FAE04EC0-301F-11D3-BF4B-00C04F79EFBC}") = "Carreradecoches", "Carreradecoches\Carreradecoches.csproj", "{D8A8F49B-5DC0-4362-8761-31E6A1EA4165}"
EndProject
Global
	GlobalSection(SolutionConfigurationPlatforms) = preSolution
		Debug|Any CPU = Debug|Any CPU
		Release|Any CPU = Release|Any CPU
	EndGlobalSection
	GlobalSection(ProjectConfigurationPlatforms) = postSolution
		{64B52F78-8BA9-4BB3-86DE-F196F5300A82}.Debug|Any CPU.ActiveCfg = Debug|Any CPU
		{64B52F78-8BA9-4BB3-86DE-F196F5300A82}.Debug|Any CPU.Build.0 = Debug|Any CPU
		{64B52F78-8BA9-4BB3-86DE-F196F5300A82}.Release|Any CPU.ActiveCfg = Release|Any CPU
		{64B52F78-8BA9-4BB3-86DE-F196F5300A82}.Release|Any CPU.Build.0 = Release|Any CPU
		{D8A8F49B-5DC0-4362-8761-31E6A1EA4165}.Debug|Any CPU.ActiveCfg = Debug|Any CPU
		{D8A8F49B-5DC0-4362-8761-31E6A1EA4165}.Debug|Any CPU.Build.0 = Debug|Any CPU
		{D8A8F49B-5DC0-4362-8761-31E6A1EA4165}.Release|Any CPU.ActiveCfg = Release|Any CPU
		{D8A8F49B-5DC0-4362-8761-31E6A1EA4165}.Release|Any CPU.Build.0 = Release|Any CPU
	EndGlobalSection
	GlobalSection(SolutionProperties) = preSolution
		HideSolutionNode = FALSE
	EndGlobalSection
	GlobalSection(ExtensibilityGlobals) = postSolution
		SolutionGuid = {D8BB4C30-44F9-4C29-A81D-D1D6BFC01641}
	EndGlobalSection
EndGlobal
